
Microsoft Visual Studio Solution File, Format Version 12.00
# Visual Studio Version 16
VisualStudioVersion = 16.0.30503.244
MinimumVisualStudioVersion = 10.0.40219.1
Project("{2150E333-8FDC-42A3-9474-1A3956D46DE8}") = "src", "src", "{1025DA58-C142-4D2E-BBC9-01BF794D9E0A}"
EndProject
Project("{2150E333-8FDC-42A3-9474-1A3956D46DE8}") = "Buildings Blocks", "Buildings Blocks", "{BE4C5149-24CF-4165-A664-F16C0FCDE536}"
EndProject
Project("{2150E333-8FDC-42A3-9474-1A3956D46DE8}") = "Web", "Web", "{BC2726E0-E6B0-49AB-A141-F5B5F32155E0}"
EndProject
Project("{2150E333-8FDC-42A3-9474-1A3956D46DE8}") = "Services", "Services", "{44D9554C-0373-49AF-990F-670577BA54BC}"
EndProject
Project("{2150E333-8FDC-42A3-9474-1A3956D46DE8}") = "Identidade", "Identidade", "{8C5BC705-18A1-4A06-BBE4-9B54F58BEE1C}"
EndProject
Project("{9A19103F-16F7-4668-BE54-9A1E7A4F7556}") = "ECM.Identitidade.API", "src\services\ECM.Identitidade.API\ECM.Identitidade.API.csproj", "{1E84DB79-94E1-4701-A179-6E17D44B505B}"
EndProject
Project("{2150E333-8FDC-42A3-9474-1A3956D46DE8}") = "MVC", "MVC", "{38DEE294-46F1-47C4-A176-245E0255AE07}"
EndProject
Project("{9A19103F-16F7-4668-BE54-9A1E7A4F7556}") = "ECM.WebApp.MVC", "src\web\ECM.WebApp.MVC\ECM.WebApp.MVC.csproj", "{8AF093FD-F396-4B6E-BA2E-D06724FD4F7F}"
EndProject
Project("{2150E333-8FDC-42A3-9474-1A3956D46DE8}") = "Core", "Core", "{DC88423D-0C69-4777-806F-317350E18A10}"
EndProject
Project("{9A19103F-16F7-4668-BE54-9A1E7A4F7556}") = "ECM.Core", "src\building blocks\ECM.Core\ECM.Core.csproj", "{508E1351-80ED-4F48-A74A-7016E96F8328}"
EndProject
Project("{FAE04EC0-301F-11D3-BF4B-00C04F79EFBC}") = "ECM.Carrinho.API", "src\web\ECM.Carrinho.API\ECM.Carrinho.API.csproj", "{FBF193C1-B9F1-4E87-9E6B-12F9D3E58567}"
EndProject
Project("{FAE04EC0-301F-11D3-BF4B-00C04F79EFBC}") = "ECM.Catalogo.API", "src\web\ECM.Catalogo.API\ECM.Catalogo.API.csproj", "{AEF534C4-53B6-4F01-9853-D5A5AF8F1694}"
EndProject
Project("{2150E333-8FDC-42A3-9474-1A3956D46DE8}") = "Carrinho", "Carrinho", "{E5C6699B-3AF1-49C7-8F71-7ED31BAC593D}"
EndProject
Project("{2150E333-8FDC-42A3-9474-1A3956D46DE8}") = "Catalogo", "Catalogo", "{C362FF6B-220E-4AFC-8619-94EFC89DE28E}"
EndProject
Project("{2150E333-8FDC-42A3-9474-1A3956D46DE8}") = "Pedido", "Pedido", "{7A90E241-5C85-4A2E-B03B-44F45FE005BB}"
EndProject
Project("{2150E333-8FDC-42A3-9474-1A3956D46DE8}") = "Pagamento", "Pagamento", "{819B3F72-F485-4FF4-B3DB-345FFAC00399}"
EndProject
Project("{2150E333-8FDC-42A3-9474-1A3956D46DE8}") = "Cliente", "Cliente", "{AC8ED809-E5E5-4A5E-B583-1D5A3E8E3C80}"
EndProject
Project("{FAE04EC0-301F-11D3-BF4B-00C04F79EFBC}") = "ECM.Pedido.API", "src\web\ECM.Pedido.API\ECM.Pedido.API.csproj", "{26473F9B-EE92-42BE-89AE-FCF09B5F6324}"
EndProject
Project("{FAE04EC0-301F-11D3-BF4B-00C04F79EFBC}") = "ECM.Cliente.API", "src\web\ECM.Cliente.API\ECM.Cliente.API.csproj", "{631147B6-2994-4DD8-8EEF-9A9FB6CBB38F}"
EndProject
Project("{FAE04EC0-301F-11D3-BF4B-00C04F79EFBC}") = "ECM.Pagamento.API", "src\web\ECM.Pagamento.API\ECM.Pagamento.API.csproj", "{468576AB-6980-4EB1-92FF-84A89F9CE050}"
EndProject
Global
	GlobalSection(SolutionConfigurationPlatforms) = preSolution
		Debug|Any CPU = Debug|Any CPU
		Release|Any CPU = Release|Any CPU
	EndGlobalSection
	GlobalSection(ProjectConfigurationPlatforms) = postSolution
		{1E84DB79-94E1-4701-A179-6E17D44B505B}.Debug|Any CPU.ActiveCfg = Debug|Any CPU
		{1E84DB79-94E1-4701-A179-6E17D44B505B}.Debug|Any CPU.Build.0 = Debug|Any CPU
		{1E84DB79-94E1-4701-A179-6E17D44B505B}.Release|Any CPU.ActiveCfg = Release|Any CPU
		{1E84DB79-94E1-4701-A179-6E17D44B505B}.Release|Any CPU.Build.0 = Release|Any CPU
		{8AF093FD-F396-4B6E-BA2E-D06724FD4F7F}.Debug|Any CPU.ActiveCfg = Debug|Any CPU
		{8AF093FD-F396-4B6E-BA2E-D06724FD4F7F}.Debug|Any CPU.Build.0 = Debug|Any CPU
		{8AF093FD-F396-4B6E-BA2E-D06724FD4F7F}.Release|Any CPU.ActiveCfg = Release|Any CPU
		{8AF093FD-F396-4B6E-BA2E-D06724FD4F7F}.Release|Any CPU.Build.0 = Release|Any CPU
		{508E1351-80ED-4F48-A74A-7016E96F8328}.Debug|Any CPU.ActiveCfg = Debug|Any CPU
		{508E1351-80ED-4F48-A74A-7016E96F8328}.Debug|Any CPU.Build.0 = Debug|Any CPU
		{508E1351-80ED-4F48-A74A-7016E96F8328}.Release|Any CPU.ActiveCfg = Release|Any CPU
		{508E1351-80ED-4F48-A74A-7016E96F8328}.Release|Any CPU.Build.0 = Release|Any CPU
		{FBF193C1-B9F1-4E87-9E6B-12F9D3E58567}.Debug|Any CPU.ActiveCfg = Debug|Any CPU
		{FBF193C1-B9F1-4E87-9E6B-12F9D3E58567}.Debug|Any CPU.Build.0 = Debug|Any CPU
		{FBF193C1-B9F1-4E87-9E6B-12F9D3E58567}.Release|Any CPU.ActiveCfg = Release|Any CPU
		{FBF193C1-B9F1-4E87-9E6B-12F9D3E58567}.Release|Any CPU.Build.0 = Release|Any CPU
		{AEF534C4-53B6-4F01-9853-D5A5AF8F1694}.Debug|Any CPU.ActiveCfg = Debug|Any CPU
		{AEF534C4-53B6-4F01-9853-D5A5AF8F1694}.Debug|Any CPU.Build.0 = Debug|Any CPU
		{AEF534C4-53B6-4F01-9853-D5A5AF8F1694}.Release|Any CPU.ActiveCfg = Release|Any CPU
		{AEF534C4-53B6-4F01-9853-D5A5AF8F1694}.Release|Any CPU.Build.0 = Release|Any CPU
		{26473F9B-EE92-42BE-89AE-FCF09B5F6324}.Debug|Any CPU.ActiveCfg = Debug|Any CPU
		{26473F9B-EE92-42BE-89AE-FCF09B5F6324}.Debug|Any CPU.Build.0 = Debug|Any CPU
		{26473F9B-EE92-42BE-89AE-FCF09B5F6324}.Release|Any CPU.ActiveCfg = Release|Any CPU
		{26473F9B-EE92-42BE-89AE-FCF09B5F6324}.Release|Any CPU.Build.0 = Release|Any CPU
		{631147B6-2994-4DD8-8EEF-9A9FB6CBB38F}.Debug|Any CPU.ActiveCfg = Debug|Any CPU
		{631147B6-2994-4DD8-8EEF-9A9FB6CBB38F}.Debug|Any CPU.Build.0 = Debug|Any CPU
		{631147B6-2994-4DD8-8EEF-9A9FB6CBB38F}.Release|Any CPU.ActiveCfg = Release|Any CPU
		{631147B6-2994-4DD8-8EEF-9A9FB6CBB38F}.Release|Any CPU.Build.0 = Release|Any CPU
		{468576AB-6980-4EB1-92FF-84A89F9CE050}.Debug|Any CPU.ActiveCfg = Debug|Any CPU
		{468576AB-6980-4EB1-92FF-84A89F9CE050}.Debug|Any CPU.Build.0 = Debug|Any CPU
		{468576AB-6980-4EB1-92FF-84A89F9CE050}.Release|Any CPU.ActiveCfg = Release|Any CPU
		{468576AB-6980-4EB1-92FF-84A89F9CE050}.Release|Any CPU.Build.0 = Release|Any CPU
	EndGlobalSection
	GlobalSection(SolutionProperties) = preSolution
		HideSolutionNode = FALSE
	EndGlobalSection
	GlobalSection(NestedProjects) = preSolution
		{BE4C5149-24CF-4165-A664-F16C0FCDE536} = {1025DA58-C142-4D2E-BBC9-01BF794D9E0A}
		{BC2726E0-E6B0-49AB-A141-F5B5F32155E0} = {1025DA58-C142-4D2E-BBC9-01BF794D9E0A}
		{44D9554C-0373-49AF-990F-670577BA54BC} = {1025DA58-C142-4D2E-BBC9-01BF794D9E0A}
		{8C5BC705-18A1-4A06-BBE4-9B54F58BEE1C} = {44D9554C-0373-49AF-990F-670577BA54BC}
		{1E84DB79-94E1-4701-A179-6E17D44B505B} = {8C5BC705-18A1-4A06-BBE4-9B54F58BEE1C}
		{38DEE294-46F1-47C4-A176-245E0255AE07} = {BC2726E0-E6B0-49AB-A141-F5B5F32155E0}
		{8AF093FD-F396-4B6E-BA2E-D06724FD4F7F} = {38DEE294-46F1-47C4-A176-245E0255AE07}
		{DC88423D-0C69-4777-806F-317350E18A10} = {BE4C5149-24CF-4165-A664-F16C0FCDE536}
		{508E1351-80ED-4F48-A74A-7016E96F8328} = {DC88423D-0C69-4777-806F-317350E18A10}
		{FBF193C1-B9F1-4E87-9E6B-12F9D3E58567} = {E5C6699B-3AF1-49C7-8F71-7ED31BAC593D}
		{AEF534C4-53B6-4F01-9853-D5A5AF8F1694} = {C362FF6B-220E-4AFC-8619-94EFC89DE28E}
		{E5C6699B-3AF1-49C7-8F71-7ED31BAC593D} = {44D9554C-0373-49AF-990F-670577BA54BC}
		{C362FF6B-220E-4AFC-8619-94EFC89DE28E} = {44D9554C-0373-49AF-990F-670577BA54BC}
		{7A90E241-5C85-4A2E-B03B-44F45FE005BB} = {44D9554C-0373-49AF-990F-670577BA54BC}
		{819B3F72-F485-4FF4-B3DB-345FFAC00399} = {44D9554C-0373-49AF-990F-670577BA54BC}
		{AC8ED809-E5E5-4A5E-B583-1D5A3E8E3C80} = {44D9554C-0373-49AF-990F-670577BA54BC}
		{26473F9B-EE92-42BE-89AE-FCF09B5F6324} = {7A90E241-5C85-4A2E-B03B-44F45FE005BB}
		{631147B6-2994-4DD8-8EEF-9A9FB6CBB38F} = {AC8ED809-E5E5-4A5E-B583-1D5A3E8E3C80}
		{468576AB-6980-4EB1-92FF-84A89F9CE050} = {819B3F72-F485-4FF4-B3DB-345FFAC00399}
	EndGlobalSection
	GlobalSection(ExtensibilityGlobals) = postSolution
		SolutionGuid = {63C57961-1821-4F75-8F63-5527DD3BAB06}
	EndGlobalSection
EndGlobal
